
Microsoft Visual Studio Solution File, Format Version 12.00
# Visual Studio Version 16
VisualStudioVersion = 16.0.30611.23
MinimumVisualStudioVersion = 10.0.40219.1
Project("{FAE04EC0-301F-11D3-BF4B-00C04F79EFBC}") = "Ejercicio2", "Ejercicio2\Ejercicio2.csproj", "{4713EA36-FFD8-470E-A950-74AB7D17320F}"
EndProject
Global
	GlobalSection(SolutionConfigurationPlatforms) = preSolution
		Debug|Any CPU = Debug|Any CPU
		Release|Any CPU = Release|Any CPU
	EndGlobalSection
	GlobalSection(ProjectConfigurationPlatforms) = postSolution
		{4713EA36-FFD8-470E-A950-74AB7D17320F}.Debug|Any CPU.ActiveCfg = Debug|Any CPU
		{4713EA36-FFD8-470E-A950-74AB7D17320F}.Debug|Any CPU.Build.0 = Debug|Any CPU
		{4713EA36-FFD8-470E-A950-74AB7D17320F}.Release|Any CPU.ActiveCfg = Release|Any CPU
		{4713EA36-FFD8-470E-A950-74AB7D17320F}.Release|Any CPU.Build.0 = Release|Any CPU
	EndGlobalSection
	GlobalSection(SolutionProperties) = preSolution
		HideSolutionNode = FALSE
	EndGlobalSection
	GlobalSection(ExtensibilityGlobals) = postSolution
		SolutionGuid = {538C13FF-3A07-464F-927B-64ED3535DC2F}
	EndGlobalSection
EndGlobal
